
Microsoft Visual Studio Solution File, Format Version 12.00
# Visual Studio Version 17
VisualStudioVersion = 17.8.34322.80
MinimumVisualStudioVersion = 10.0.40219.1
Project("{FAE04EC0-301F-11D3-BF4B-00C04F79EFBC}") = "Consol", "Consol\Consol.csproj", "{3742B8B5-F36A-404F-B798-942BACE74E92}"
EndProject
Global
	GlobalSection(SolutionConfigurationPlatforms) = preSolution
		Debug|Any CPU = Debug|Any CPU
		Release|Any CPU = Release|Any CPU
	EndGlobalSection
	GlobalSection(ProjectConfigurationPlatforms) = postSolution
		{3742B8B5-F36A-404F-B798-942BACE74E92}.Debug|Any CPU.ActiveCfg = Debug|Any CPU
		{3742B8B5-F36A-404F-B798-942BACE74E92}.Debug|Any CPU.Build.0 = Debug|Any CPU
		{3742B8B5-F36A-404F-B798-942BACE74E92}.Release|Any CPU.ActiveCfg = Release|Any CPU
		{3742B8B5-F36A-404F-B798-942BACE74E92}.Release|Any CPU.Build.0 = Release|Any CPU
	EndGlobalSection
	GlobalSection(SolutionProperties) = preSolution
		HideSolutionNode = FALSE
	EndGlobalSection
	GlobalSection(ExtensibilityGlobals) = postSolution
		SolutionGuid = {FB9EE9FB-982C-45BE-AAA4-693AD6752FE0}
	EndGlobalSection
EndGlobal
